
Microsoft Visual Studio Solution File, Format Version 12.00
# Visual Studio Version 17
VisualStudioVersion = 17.11.35327.3
MinimumVisualStudioVersion = 10.0.40219.1
Project("{FAE04EC0-301F-11D3-BF4B-00C04F79EFBC}") = "AppointmentManagementAPI.Presentation", "AppointmentManagementAPI\AppointmentManagementAPI.Presentation.csproj", "{7AF44667-D0BD-4E71-A19A-24A049F09C71}"
EndProject
Project("{FAE04EC0-301F-11D3-BF4B-00C04F79EFBC}") = "AppoinmentManagementAPI.Application", "AppoinmentManagementAPI.Application\AppoinmentManagementAPI.Application.csproj", "{7CE3ED8F-23BA-490A-A26E-84EB357AA929}"
EndProject
Project("{FAE04EC0-301F-11D3-BF4B-00C04F79EFBC}") = "AppoinmentManagementAPI.Domain", "AppoinmentManagementAPI.Domain\AppoinmentManagementAPI.Domain.csproj", "{A90BA9B4-F080-43CB-AA63-D39C2813B70F}"
EndProject
Project("{FAE04EC0-301F-11D3-BF4B-00C04F79EFBC}") = "AppoinmentManagementAPI.Infrastructure", "AppoinmentManagementAPI.Infrastructure\AppoinmentManagementAPI.Infrastructure.csproj", "{8B4B35AC-EE73-4AB0-B972-C18743B19E1C}"
EndProject
Global
	GlobalSection(SolutionConfigurationPlatforms) = preSolution
		Debug|Any CPU = Debug|Any CPU
		Release|Any CPU = Release|Any CPU
	EndGlobalSection
	GlobalSection(ProjectConfigurationPlatforms) = postSolution
		{7AF44667-D0BD-4E71-A19A-24A049F09C71}.Debug|Any CPU.ActiveCfg = Debug|Any CPU
		{7AF44667-D0BD-4E71-A19A-24A049F09C71}.Debug|Any CPU.Build.0 = Debug|Any CPU
		{7AF44667-D0BD-4E71-A19A-24A049F09C71}.Release|Any CPU.ActiveCfg = Release|Any CPU
		{7AF44667-D0BD-4E71-A19A-24A049F09C71}.Release|Any CPU.Build.0 = Release|Any CPU
		{7CE3ED8F-23BA-490A-A26E-84EB357AA929}.Debug|Any CPU.ActiveCfg = Debug|Any CPU
		{7CE3ED8F-23BA-490A-A26E-84EB357AA929}.Debug|Any CPU.Build.0 = Debug|Any CPU
		{7CE3ED8F-23BA-490A-A26E-84EB357AA929}.Release|Any CPU.ActiveCfg = Release|Any CPU
		{7CE3ED8F-23BA-490A-A26E-84EB357AA929}.Release|Any CPU.Build.0 = Release|Any CPU
		{A90BA9B4-F080-43CB-AA63-D39C2813B70F}.Debug|Any CPU.ActiveCfg = Debug|Any CPU
		{A90BA9B4-F080-43CB-AA63-D39C2813B70F}.Debug|Any CPU.Build.0 = Debug|Any CPU
		{A90BA9B4-F080-43CB-AA63-D39C2813B70F}.Release|Any CPU.ActiveCfg = Release|Any CPU
		{A90BA9B4-F080-43CB-AA63-D39C2813B70F}.Release|Any CPU.Build.0 = Release|Any CPU
		{8B4B35AC-EE73-4AB0-B972-C18743B19E1C}.Debug|Any CPU.ActiveCfg = Debug|Any CPU
		{8B4B35AC-EE73-4AB0-B972-C18743B19E1C}.Debug|Any CPU.Build.0 = Debug|Any CPU
		{8B4B35AC-EE73-4AB0-B972-C18743B19E1C}.Release|Any CPU.ActiveCfg = Release|Any CPU
		{8B4B35AC-EE73-4AB0-B972-C18743B19E1C}.Release|Any CPU.Build.0 = Release|Any CPU
	EndGlobalSection
	GlobalSection(SolutionProperties) = preSolution
		HideSolutionNode = FALSE
	EndGlobalSection
	GlobalSection(ExtensibilityGlobals) = postSolution
		SolutionGuid = {D32FD4FC-413C-4F89-99C9-F60E20E8ED8A}
	EndGlobalSection
EndGlobal
